
Microsoft Visual Studio Solution File, Format Version 12.00
# Visual Studio Version 17
VisualStudioVersion = 17.0.31903.59
MinimumVisualStudioVersion = 10.0.40219.1
Project("{FAE04EC0-301F-11D3-BF4B-00C04F79EFBC}") = "DataGeneratorApi", "DataGeneratorApi\DataGeneratorApi.csproj", "{18BC5B30-E301-40B4-A3E5-EAA324100BF2}"
EndProject
Project("{FAE04EC0-301F-11D3-BF4B-00C04F79EFBC}") = "ProcessorApp", "ProcessorApp\ProcessorApp.csproj", "{127C0D40-C876-4F16-B551-68C6DD63B10E}"
EndProject
Project("{FAE04EC0-301F-11D3-BF4B-00C04F79EFBC}") = "DataPersistenceLayer", "DataPersistenceLayer\DataPersistenceLayer.csproj", "{B7AD2B8B-652C-4622-9C7C-1C00E57BC0BA}"
EndProject
Global
	GlobalSection(SolutionConfigurationPlatforms) = preSolution
		Debug|Any CPU = Debug|Any CPU
		Release|Any CPU = Release|Any CPU
	EndGlobalSection
	GlobalSection(SolutionProperties) = preSolution
		HideSolutionNode = FALSE
	EndGlobalSection
	GlobalSection(ProjectConfigurationPlatforms) = postSolution
		{18BC5B30-E301-40B4-A3E5-EAA324100BF2}.Debug|Any CPU.ActiveCfg = Debug|Any CPU
		{18BC5B30-E301-40B4-A3E5-EAA324100BF2}.Debug|Any CPU.Build.0 = Debug|Any CPU
		{18BC5B30-E301-40B4-A3E5-EAA324100BF2}.Release|Any CPU.ActiveCfg = Release|Any CPU
		{18BC5B30-E301-40B4-A3E5-EAA324100BF2}.Release|Any CPU.Build.0 = Release|Any CPU
		{127C0D40-C876-4F16-B551-68C6DD63B10E}.Debug|Any CPU.ActiveCfg = Debug|Any CPU
		{127C0D40-C876-4F16-B551-68C6DD63B10E}.Debug|Any CPU.Build.0 = Debug|Any CPU
		{127C0D40-C876-4F16-B551-68C6DD63B10E}.Release|Any CPU.ActiveCfg = Release|Any CPU
		{127C0D40-C876-4F16-B551-68C6DD63B10E}.Release|Any CPU.Build.0 = Release|Any CPU
		{B7AD2B8B-652C-4622-9C7C-1C00E57BC0BA}.Debug|Any CPU.ActiveCfg = Debug|Any CPU
		{B7AD2B8B-652C-4622-9C7C-1C00E57BC0BA}.Debug|Any CPU.Build.0 = Debug|Any CPU
		{B7AD2B8B-652C-4622-9C7C-1C00E57BC0BA}.Release|Any CPU.ActiveCfg = Release|Any CPU
		{B7AD2B8B-652C-4622-9C7C-1C00E57BC0BA}.Release|Any CPU.Build.0 = Release|Any CPU
	EndGlobalSection
EndGlobal
